
Microsoft Visual Studio Solution File, Format Version 12.00
# Visual Studio Version 17
VisualStudioVersion = 17.0.31903.59
MinimumVisualStudioVersion = 10.0.40219.1
Project("{2150E333-8FDC-42A3-9474-1A3956D46DE8}") = "src", "src", "{827E0CD3-B72D-47B6-A68D-7590B98EB39B}"
EndProject
Project("{FAE04EC0-301F-11D3-BF4B-00C04F79EFBC}") = "PetPet.Domain", "src\PetPet.Domain\PetPet.Domain.csproj", "{3A5A4E3D-DF34-4BD4-AFB7-D77B90EE40E5}"
EndProject
Project("{FAE04EC0-301F-11D3-BF4B-00C04F79EFBC}") = "PetPet.Application", "src\PetPet.Application\PetPet.Application.csproj", "{169CA3AB-5F2E-43D2-BF90-7BE25282CC8D}"
EndProject
Project("{FAE04EC0-301F-11D3-BF4B-00C04F79EFBC}") = "PetPet.Infrastructure", "src\PetPet.Infrastructure\PetPet.Infrastructure.csproj", "{50A10977-1742-417C-96A8-E33B7744B547}"
EndProject
Project("{FAE04EC0-301F-11D3-BF4B-00C04F79EFBC}") = "PetPet.Web", "src\PetPet.Web\PetPet.Web.csproj", "{DF38BCE6-06E5-4F35-B4D7-577E0771A523}"
EndProject
Project("{2150E333-8FDC-42A3-9474-1A3956D46DE8}") = "tests", "tests", "{0AB3BF05-4346-4AA6-1389-037BE0695223}"
EndProject
Project("{FAE04EC0-301F-11D3-BF4B-00C04F79EFBC}") = "PetPet.UnitTests", "tests\PetPet.UnitTests\PetPet.UnitTests.csproj", "{E6B9D08C-0088-425B-A17F-F2E42D8622EA}"
EndProject
Global
	GlobalSection(SolutionConfigurationPlatforms) = preSolution
		Debug|Any CPU = Debug|Any CPU
		Debug|x64 = Debug|x64
		Debug|x86 = Debug|x86
		Release|Any CPU = Release|Any CPU
		Release|x64 = Release|x64
		Release|x86 = Release|x86
	EndGlobalSection
	GlobalSection(ProjectConfigurationPlatforms) = postSolution
		{3A5A4E3D-DF34-4BD4-AFB7-D77B90EE40E5}.Debug|Any CPU.ActiveCfg = Debug|Any CPU
		{3A5A4E3D-DF34-4BD4-AFB7-D77B90EE40E5}.Debug|Any CPU.Build.0 = Debug|Any CPU
		{3A5A4E3D-DF34-4BD4-AFB7-D77B90EE40E5}.Debug|x64.ActiveCfg = Debug|Any CPU
		{3A5A4E3D-DF34-4BD4-AFB7-D77B90EE40E5}.Debug|x64.Build.0 = Debug|Any CPU
		{3A5A4E3D-DF34-4BD4-AFB7-D77B90EE40E5}.Debug|x86.ActiveCfg = Debug|Any CPU
		{3A5A4E3D-DF34-4BD4-AFB7-D77B90EE40E5}.Debug|x86.Build.0 = Debug|Any CPU
		{3A5A4E3D-DF34-4BD4-AFB7-D77B90EE40E5}.Release|Any CPU.ActiveCfg = Release|Any CPU
		{3A5A4E3D-DF34-4BD4-AFB7-D77B90EE40E5}.Release|Any CPU.Build.0 = Release|Any CPU
		{3A5A4E3D-DF34-4BD4-AFB7-D77B90EE40E5}.Release|x64.ActiveCfg = Release|Any CPU
		{3A5A4E3D-DF34-4BD4-AFB7-D77B90EE40E5}.Release|x64.Build.0 = Release|Any CPU
		{3A5A4E3D-DF34-4BD4-AFB7-D77B90EE40E5}.Release|x86.ActiveCfg = Release|Any CPU
		{3A5A4E3D-DF34-4BD4-AFB7-D77B90EE40E5}.Release|x86.Build.0 = Release|Any CPU
		{169CA3AB-5F2E-43D2-BF90-7BE25282CC8D}.Debug|Any CPU.ActiveCfg = Debug|Any CPU
		{169CA3AB-5F2E-43D2-BF90-7BE25282CC8D}.Debug|Any CPU.Build.0 = Debug|Any CPU
		{169CA3AB-5F2E-43D2-BF90-7BE25282CC8D}.Debug|x64.ActiveCfg = Debug|Any CPU
		{169CA3AB-5F2E-43D2-BF90-7BE25282CC8D}.Debug|x64.Build.0 = Debug|Any CPU
		{169CA3AB-5F2E-43D2-BF90-7BE25282CC8D}.Debug|x86.ActiveCfg = Debug|Any CPU
		{169CA3AB-5F2E-43D2-BF90-7BE25282CC8D}.Debug|x86.Build.0 = Debug|Any CPU
		{169CA3AB-5F2E-43D2-BF90-7BE25282CC8D}.Release|Any CPU.ActiveCfg = Release|Any CPU
		{169CA3AB-5F2E-43D2-BF90-7BE25282CC8D}.Release|Any CPU.Build.0 = Release|Any CPU
		{169CA3AB-5F2E-43D2-BF90-7BE25282CC8D}.Release|x64.ActiveCfg = Release|Any CPU
		{169CA3AB-5F2E-43D2-BF90-7BE25282CC8D}.Release|x64.Build.0 = Release|Any CPU
		{169CA3AB-5F2E-43D2-BF90-7BE25282CC8D}.Release|x86.ActiveCfg = Release|Any CPU
		{169CA3AB-5F2E-43D2-BF90-7BE25282CC8D}.Release|x86.Build.0 = Release|Any CPU
		{50A10977-1742-417C-96A8-E33B7744B547}.Debug|Any CPU.ActiveCfg = Debug|Any CPU
		{50A10977-1742-417C-96A8-E33B7744B547}.Debug|Any CPU.Build.0 = Debug|Any CPU
		{50A10977-1742-417C-96A8-E33B7744B547}.Debug|x64.ActiveCfg = Debug|Any CPU
		{50A10977-1742-417C-96A8-E33B7744B547}.Debug|x64.Build.0 = Debug|Any CPU
		{50A10977-1742-417C-96A8-E33B7744B547}.Debug|x86.ActiveCfg = Debug|Any CPU
		{50A10977-1742-417C-96A8-E33B7744B547}.Debug|x86.Build.0 = Debug|Any CPU
		{50A10977-1742-417C-96A8-E33B7744B547}.Release|Any CPU.ActiveCfg = Release|Any CPU
		{50A10977-1742-417C-96A8-E33B7744B547}.Release|Any CPU.Build.0 = Release|Any CPU
		{50A10977-1742-417C-96A8-E33B7744B547}.Release|x64.ActiveCfg = Release|Any CPU
		{50A10977-1742-417C-96A8-E33B7744B547}.Release|x64.Build.0 = Release|Any CPU
		{50A10977-1742-417C-96A8-E33B7744B547}.Release|x86.ActiveCfg = Release|Any CPU
		{50A10977-1742-417C-96A8-E33B7744B547}.Release|x86.Build.0 = Release|Any CPU
		{DF38BCE6-06E5-4F35-B4D7-577E0771A523}.Debug|Any CPU.ActiveCfg = Debug|Any CPU
		{DF38BCE6-06E5-4F35-B4D7-577E0771A523}.Debug|Any CPU.Build.0 = Debug|Any CPU
		{DF38BCE6-06E5-4F35-B4D7-577E0771A523}.Debug|x64.ActiveCfg = Debug|Any CPU
		{DF38BCE6-06E5-4F35-B4D7-577E0771A523}.Debug|x64.Build.0 = Debug|Any CPU
		{DF38BCE6-06E5-4F35-B4D7-577E0771A523}.Debug|x86.ActiveCfg = Debug|Any CPU
		{DF38BCE6-06E5-4F35-B4D7-577E0771A523}.Debug|x86.Build.0 = Debug|Any CPU
		{DF38BCE6-06E5-4F35-B4D7-577E0771A523}.Release|Any CPU.ActiveCfg = Release|Any CPU
		{DF38BCE6-06E5-4F35-B4D7-577E0771A523}.Release|Any CPU.Build.0 = Release|Any CPU
		{DF38BCE6-06E5-4F35-B4D7-577E0771A523}.Release|x64.ActiveCfg = Release|Any CPU
		{DF38BCE6-06E5-4F35-B4D7-577E0771A523}.Release|x64.Build.0 = Release|Any CPU
		{DF38BCE6-06E5-4F35-B4D7-577E0771A523}.Release|x86.ActiveCfg = Release|Any CPU
		{DF38BCE6-06E5-4F35-B4D7-577E0771A523}.Release|x86.Build.0 = Release|Any CPU
		{E6B9D08C-0088-425B-A17F-F2E42D8622EA}.Debug|Any CPU.ActiveCfg = Debug|Any CPU
		{E6B9D08C-0088-425B-A17F-F2E42D8622EA}.Debug|Any CPU.Build.0 = Debug|Any CPU
		{E6B9D08C-0088-425B-A17F-F2E42D8622EA}.Debug|x64.ActiveCfg = Debug|Any CPU
		{E6B9D08C-0088-425B-A17F-F2E42D8622EA}.Debug|x64.Build.0 = Debug|Any CPU
		{E6B9D08C-0088-425B-A17F-F2E42D8622EA}.Debug|x86.ActiveCfg = Debug|Any CPU
		{E6B9D08C-0088-425B-A17F-F2E42D8622EA}.Debug|x86.Build.0 = Debug|Any CPU
		{E6B9D08C-0088-425B-A17F-F2E42D8622EA}.Release|Any CPU.ActiveCfg = Release|Any CPU
		{E6B9D08C-0088-425B-A17F-F2E42D8622EA}.Release|Any CPU.Build.0 = Release|Any CPU
		{E6B9D08C-0088-425B-A17F-F2E42D8622EA}.Release|x64.ActiveCfg = Release|Any CPU
		{E6B9D08C-0088-425B-A17F-F2E42D8622EA}.Release|x64.Build.0 = Release|Any CPU
		{E6B9D08C-0088-425B-A17F-F2E42D8622EA}.Release|x86.ActiveCfg = Release|Any CPU
		{E6B9D08C-0088-425B-A17F-F2E42D8622EA}.Release|x86.Build.0 = Release|Any CPU
	EndGlobalSection
	GlobalSection(SolutionProperties) = preSolution
		HideSolutionNode = FALSE
	EndGlobalSection
	GlobalSection(NestedProjects) = preSolution
		{3A5A4E3D-DF34-4BD4-AFB7-D77B90EE40E5} = {827E0CD3-B72D-47B6-A68D-7590B98EB39B}
		{169CA3AB-5F2E-43D2-BF90-7BE25282CC8D} = {827E0CD3-B72D-47B6-A68D-7590B98EB39B}
		{50A10977-1742-417C-96A8-E33B7744B547} = {827E0CD3-B72D-47B6-A68D-7590B98EB39B}
		{DF38BCE6-06E5-4F35-B4D7-577E0771A523} = {827E0CD3-B72D-47B6-A68D-7590B98EB39B}
		{E6B9D08C-0088-425B-A17F-F2E42D8622EA} = {0AB3BF05-4346-4AA6-1389-037BE0695223}
	EndGlobalSection
EndGlobal
